PODS:
  - Alamofire (4.9.1)
  - KMNetwork (0.1.6):
    - Alamofire (= 4.9.1)

DEPENDENCIES:
  - KMNetwork (from `../`)

SPEC REPOS:
  trunk:
    - Alamofire

EXTERNAL SOURCES:
  KMNetwork:
    :path: "../"

SPEC CHECKSUMS:
  Alamofire: 85e8a02c69d6020a0d734f6054870d7ecb75cf18
  KMNetwork: 6c49fc27128e190612ec708dfdbd969edf0c29bd

PODFILE CHECKSUM: 171da6044efe80e3f14cc653860b84eec028707a

COCOAPODS: 1.9.2
