PODS:
  - Alamofire (4.9.1)
  - KMNetwork (0.1.5):
    - Alamofire (= 4.9.1)

DEPENDENCIES:
  - KMNetwork (from `../`)

SPEC REPOS:
  trunk:
    - Alamofire

EXTERNAL SOURCES:
  KMNetwork:
    :path: "../"

SPEC CHECKSUMS:
  Alamofire: 85e8a02c69d6020a0d734f6054870d7ecb75cf18
  KMNetwork: d874681b6a264449a3438477749a90755af1985c

PODFILE CHECKSUM: d67680f16fcc62fee56978b79598609bdf723c21

COCOAPODS: 1.8.4
